{
  "version": "4",
  "specifiers": {
    "jsr:@logtape/logtape@0.9": "0.9.0",
    "jsr:@std/assert@1": "1.0.11",
    "jsr:@std/cli@^1.0.14": "1.0.14",
    "jsr:@std/internal@^1.0.5": "1.0.5",
    "jsr:@std/path@^1.0.8": "1.0.8",
    "npm:simple-git@^3.27.0": "3.27.0"
  },
  "jsr": {
    "@logtape/logtape@0.9.0": {
      "integrity": "aacdeb0e040e5723021bef8b9b8c03ad7cffb5e2146a0024c30814930f6e7c89"
    },
    "@std/assert@1.0.11": {
      "integrity": "2461ef3c368fe88bc60e186e7744a93112f16fd110022e113a0849e94d1c83c1",
      "dependencies": [
        "jsr:@std/internal"
      ]
    },
    "@std/cli@1.0.14": {
      "integrity": "b09ee9921cd476c0e08185ed2bfce682d45ecf4654f26c31b4aa244a2c5c024e"
    },
    "@std/internal@1.0.5": {
      "integrity": "54a546004f769c1ac9e025abd15a76b6671ddc9687e2313b67376125650dc7ba"
    },
    "@std/path@1.0.8": {
      "integrity": "548fa456bb6a04d3c1a1e7477986b6cffbce95102d0bb447c67c4ee70e0364be"
    }
  },
  "npm": {
    "@kwsites/file-exists@1.1.1": {
      "integrity": "sha512-m9/5YGR18lIwxSFDwfE3oA7bWuq9kdau6ugN4H2rJeyhFQZcG9AgSHkQtSD15a8WvTgfz9aikZMrKPHvbpqFiw==",
      "dependencies": [
        "debug"
      ]
    },
    "@kwsites/promise-deferred@1.1.1": {
      "integrity": "sha512-GaHYm+c0O9MjZRu0ongGBRbinu8gVAMd2UZjji6jVmqKtZluZnptXGWhz1E8j8D2HJ3f/yMxKAUC0b+57wncIw=="
    },
    "debug@4.4.0": {
      "integrity": "sha512-6WTZ/IxCY/T6BALoZHaE4ctp9xm+Z5kY/pzYaCHRFeyVhojxlrm+46y68HA6hr0TcwEssoxNiDEUJQjfPZ/RYA==",
      "dependencies": [
        "ms"
      ]
    },
    "ms@2.1.3": {
      "integrity": "sha512-6FlzubTLZG3J2a/NVCAleEhjzq5oxgHyaCU9yYXvcLsvoVaHJq/s5xXI6/XXP6tz7R9xAOtHnSO/tXtF3WRTlA=="
    },
    "simple-git@3.27.0": {
      "integrity": "sha512-ivHoFS9Yi9GY49ogc6/YAi3Fl9ROnF4VyubNylgCkA+RVqLaKWnDSzXOVzya8csELIaWaYNutsEuAhZrtOjozA==",
      "dependencies": [
        "@kwsites/file-exists",
        "@kwsites/promise-deferred",
        "debug"
      ]
    }
  },
  "workspace": {
    "dependencies": [
      "jsr:@logtape/logtape@0.9",
      "jsr:@std/assert@1",
      "jsr:@std/cli@^1.0.14",
      "jsr:@std/path@^1.0.8",
      "npm:simple-git@^3.27.0"
    ]
  }
}
